PODS:
  - MBProgressHUD (1.2.0)
  - SDWebImage (5.8.0):
    - SDWebImage/Core (= 5.8.0)
  - SDWebImage/Core (5.8.0)
  - ZLPhotoBrowser (3.1.4):
    - SDWebImage

DEPENDENCIES:
  - MBProgressHUD
  - ZLPhotoBrowser (~> 3.1.4)

SPEC REPOS:
  trunk:
    - MBProgressHUD
    - SDWebImage
    - ZLPhotoBrowser

SPEC CHECKSUMS:
  MBProgressHUD: 3ee5efcc380f6a79a7cc9b363dd669c5e1ae7406
  SDWebImage: 84000f962cbfa70c07f19d2234cbfcf5d779b5dc
  ZLPhotoBrowser: 638189d99c51f78013c9a0369e385db4a4b9673f

PODFILE CHECKSUM: b03fda47502afdc9fabc53ae91197a3d8f5774ad

COCOAPODS: 1.8.4
